<Solution>
  <Configurations>
    <Platform Name="Any CPU" />
    <Platform Name="x64" />
    <Platform Name="x86" />
  </Configurations>
  <Project Path="AIBlocker.vcxproj" Id="968a1f9e-e427-4ccf-8609-507c815344f0" />
  <Project Path="UIStudent/UIStudent.csproj" />
  <Project Path="UIT/UIT.csproj" Id="0f8fcf92-ef62-416a-96de-54aac7dfcc68" />
</Solution>
